
Microsoft Visual Studio Solution File, Format Version 12.00
# Visual Studio Version 17
VisualStudioVersion = 17.7.34018.315
MinimumVisualStudioVersion = 10.0.40219.1
Project("{888888A0-9F3D-457C-B088-3A5042F75D52}") = "basico_python", "basico_python\basico_python.pyproj", "{7897414F-8D5B-431D-A197-B390E6B3253B}"
EndProject
Global
	GlobalSection(SolutionConfigurationPlatforms) = preSolution
		Debug|Any CPU = Debug|Any CPU
		Release|Any CPU = Release|Any CPU
	EndGlobalSection
	GlobalSection(ProjectConfigurationPlatforms) = postSolution
		{7897414F-8D5B-431D-A197-B390E6B3253B}.Debug|Any CPU.ActiveCfg = Debug|Any CPU
		{7897414F-8D5B-431D-A197-B390E6B3253B}.Release|Any CPU.ActiveCfg = Release|Any CPU
	EndGlobalSection
	GlobalSection(SolutionProperties) = preSolution
		HideSolutionNode = FALSE
	EndGlobalSection
	GlobalSection(ExtensibilityGlobals) = postSolution
		SolutionGuid = {F872AD8D-2EF6-450B-BA82-EC0EA98208D6}
	EndGlobalSection
EndGlobal
